// !$*UTF8*$!
{
	archiveVersion = 1;
	classes = {
	};
	objectVersion = 50;
	objects = {

/* Begin PBXBuildFile section */
		1128E75C216CF11B0014FC72 /* Record.swift in Sources */ = {isa = PBXBuildFile; fileRef = 1128E75B216CF11B0014FC72 /* Record.swift */; };
		1128E75E216CF5F40014FC72 /* CreateRecordViewController.swift in Sources */ = {isa = PBXBuildFile; fileRef = 1128E75D216CF5F40014FC72 /* CreateRecordViewController.swift */; };
		1128E760216CFF0B0014FC72 /* HomeRecordViewCell.swift in Sources */ = {isa = PBXBuildFile; fileRef = 1128E75F216CFF0B0014FC72 /* HomeRecordViewCell.swift */; };
		11A5EF07216CB4A7005E0494 /* ObjcExceptionBridging.framework in Frameworks */ = {isa = PBXBuildFile; fileRef = 11A5EEDF216CB3DC005E0494 /* ObjcExceptionBridging.framework */; };
		11A5EF0A216CB4A7005E0494 /* RxBlocking.framework in Frameworks */ = {isa = PBXBuildFile; fileRef = 11A5EEDB216CB3DB005E0494 /* RxBlocking.framework */; };
		11A5EF0B216CB4A7005E0494 /* RxCocoa.framework in Frameworks */ = {isa = PBXBuildFile; fileRef = 11A5EEDA216CB3DB005E0494 /* RxCocoa.framework */; };
		11A5EF0C216CB4A7005E0494 /* RxSwift.framework in Frameworks */ = {isa = PBXBuildFile; fileRef = 11A5EED7216CB3DB005E0494 /* RxSwift.framework */; };
		11A5EF0E216CB4A7005E0494 /* SwiftyUserDefaults.framework in Frameworks */ = {isa = PBXBuildFile; fileRef = 11A5EED9216CB3DB005E0494 /* SwiftyUserDefaults.framework */; };
		11A5EF0F216CB4A7005E0494 /* XCGLogger.framework in Frameworks */ = {isa = PBXBuildFile; fileRef = 11A5EEDD216CB3DC005E0494 /* XCGLogger.framework */; };
		11E3C56B21703AB700D26E6F /* DateHelper.framework in Frameworks */ = {isa = PBXBuildFile; fileRef = 11E3C56A21703AB700D26E6F /* DateHelper.framework */; };
		11E3C56F217089A700D26E6F /* MyRealm.swift in Sources */ = {isa = PBXBuildFile; fileRef = 11E3C56E217089A700D26E6F /* MyRealm.swift */; };
		11EA1D78216CB74E0096341B /* Realm.framework in Frameworks */ = {isa = PBXBuildFile; fileRef = 11A5EF11216CB719005E0494 /* Realm.framework */; };
		11EA1D79216CB74E0096341B /* RealmSwift.framework in Frameworks */ = {isa = PBXBuildFile; fileRef = 11A5EF12216CB719005E0494 /* RealmSwift.framework */; };
		11FFD9B2216AFE7500B498FD /* AppDelegate.swift in Sources */ = {isa = PBXBuildFile; fileRef = 11FFD9B1216AFE7500B498FD /* AppDelegate.swift */; };
		11FFD9B7216AFE7500B498FD /* Main.storyboard in Resources */ = {isa = PBXBuildFile; fileRef = 11FFD9B5216AFE7500B498FD /* Main.storyboard */; };
		11FFD9B9216AFE7600B498FD /* Assets.xcassets in Resources */ = {isa = PBXBuildFile; fileRef = 11FFD9B8216AFE7600B498FD /* Assets.xcassets */; };
		11FFD9BC216AFE7600B498FD /* LaunchScreen.storyboard in Resources */ = {isa = PBXBuildFile; fileRef = 11FFD9BA216AFE7600B498FD /* LaunchScreen.storyboard */; };
		11FFD9C4216B022300B498FD /* HomeViewController.swift in Sources */ = {isa = PBXBuildFile; fileRef = 11FFD9C3216B022300B498FD /* HomeViewController.swift */; };
/* End PBXBuildFile section */

/* Begin PBXFileReference section */
		1128E75B216CF11B0014FC72 /* Record.swift */ = {isa = PBXFileReference; lastKnownFileType = sourcecode.swift; path = Record.swift; sourceTree = "<group>"; };
		1128E75D216CF5F40014FC72 /* CreateRecordViewController.swift */ = {isa = PBXFileReference; lastKnownFileType = sourcecode.swift; path = CreateRecordViewController.swift; sourceTree = "<group>"; };
		1128E75F216CFF0B0014FC72 /* HomeRecordViewCell.swift */ = {isa = PBXFileReference; lastKnownFileType = sourcecode.swift; path = HomeRecordViewCell.swift; sourceTree = "<group>"; };
		11A5EED7216CB3DB005E0494 /* RxSwift.framework */ = {isa = PBXFileReference; lastKnownFileType = wrapper.framework; name = RxSwift.framework; path = Carthage/Build/iOS/RxSwift.framework; sourceTree = "<group>"; };
		11A5EED9216CB3DB005E0494 /* SwiftyUserDefaults.framework */ = {isa = PBXFileReference; lastKnownFileType = wrapper.framework; name = SwiftyUserDefaults.framework; path = Carthage/Build/iOS/SwiftyUserDefaults.framework; sourceTree = "<group>"; };
		11A5EEDA216CB3DB005E0494 /* RxCocoa.framework */ = {isa = PBXFileReference; lastKnownFileType = wrapper.framework; name = RxCocoa.framework; path = Carthage/Build/iOS/RxCocoa.framework; sourceTree = "<group>"; };
		11A5EEDB216CB3DB005E0494 /* RxBlocking.framework */ = {isa = PBXFileReference; lastKnownFileType = wrapper.framework; name = RxBlocking.framework; path = Carthage/Build/iOS/RxBlocking.framework; sourceTree = "<group>"; };
		11A5EEDD216CB3DC005E0494 /* XCGLogger.framework */ = {isa = PBXFileReference; lastKnownFileType = wrapper.framework; name = XCGLogger.framework; path = Carthage/Build/iOS/XCGLogger.framework; sourceTree = "<group>"; };
		11A5EEDF216CB3DC005E0494 /* ObjcExceptionBridging.framework */ = {isa = PBXFileReference; lastKnownFileType = wrapper.framework; name = ObjcExceptionBridging.framework; path = Carthage/Build/iOS/ObjcExceptionBridging.framework; sourceTree = "<group>"; };
		11A5EF11216CB719005E0494 /* Realm.framework */ = {isa = PBXFileReference; lastKnownFileType = wrapper.framework; name = Realm.framework; path = Carthage/Build/iOS/Realm.framework; sourceTree = "<group>"; };
		11A5EF12216CB719005E0494 /* RealmSwift.framework */ = {isa = PBXFileReference; lastKnownFileType = wrapper.framework; name = RealmSwift.framework; path = Carthage/Build/iOS/RealmSwift.framework; sourceTree = "<group>"; };
		11E3C56A21703AB700D26E6F /* DateHelper.framework */ = {isa = PBXFileReference; lastKnownFileType = wrapper.framework; name = DateHelper.framework; path = Carthage/Build/iOS/DateHelper.framework; sourceTree = "<group>"; };
		11E3C56E217089A700D26E6F /* MyRealm.swift */ = {isa = PBXFileReference; lastKnownFileType = sourcecode.swift; path = MyRealm.swift; sourceTree = "<group>"; };
		11FFD9AE216AFE7500B498FD /* Wallet.app */ = {isa = PBXFileReference; explicitFileType = wrapper.application; includeInIndex = 0; path = Wallet.app; sourceTree = BUILT_PRODUCTS_DIR; };
		11FFD9B1216AFE7500B498FD /* AppDelegate.swift */ = {isa = PBXFileReference; lastKnownFileType = sourcecode.swift; path = AppDelegate.swift; sourceTree = "<group>"; };
		11FFD9B6216AFE7500B498FD /* Base */ = {isa = PBXFileReference; lastKnownFileType = file.storyboard; name = Base; path = Base.lproj/Main.storyboard; sourceTree = "<group>"; };
		11FFD9B8216AFE7600B498FD /* Assets.xcassets */ = {isa = PBXFileReference; lastKnownFileType = folder.assetcatalog; path = Assets.xcassets; sourceTree = "<group>"; };
		11FFD9BB216AFE7600B498FD /* Base */ = {isa = PBXFileReference; lastKnownFileType = file.storyboard; name = Base; path = Base.lproj/LaunchScreen.storyboard; sourceTree = "<group>"; };
		11FFD9BD216AFE7600B498FD /* Info.plist */ = {isa = PBXFileReference; lastKnownFileType = text.plist.xml; path = Info.plist; sourceTree = "<group>"; };
		11FFD9C3216B022300B498FD /* HomeViewController.swift */ = {isa = PBXFileReference; lastKnownFileType = sourcecode.swift; path = HomeViewController.swift; sourceTree = "<group>"; };
/* End PBXFileReference section */

/* Begin PBXFrameworksBuildPhase section */
		11FFD9AB216AFE7500B498FD /* Frameworks */ = {
			isa = PBXFrameworksBuildPhase;
			buildActionMask = 2147483647;
			files = (
				11E3C56B21703AB700D26E6F /* DateHelper.framework in Frameworks */,
				11EA1D78216CB74E0096341B /* Realm.framework in Frameworks */,
				11EA1D79216CB74E0096341B /* RealmSwift.framework in Frameworks */,
				11A5EF07216CB4A7005E0494 /* ObjcExceptionBridging.framework in Frameworks */,
				11A5EF0A216CB4A7005E0494 /* RxBlocking.framework in Frameworks */,
				11A5EF0B216CB4A7005E0494 /* RxCocoa.framework in Frameworks */,
				11A5EF0C216CB4A7005E0494 /* RxSwift.framework in Frameworks */,
				11A5EF0E216CB4A7005E0494 /* SwiftyUserDefaults.framework in Frameworks */,
				11A5EF0F216CB4A7005E0494 /* XCGLogger.framework in Frameworks */,
			);
			runOnlyForDeploymentPostprocessing = 0;
		};
/* End PBXFrameworksBuildPhase section */

/* Begin PBXGroup section */
		11A5EF06216CB4A7005E0494 /* Frameworks */ = {
			isa = PBXGroup;
			children = (
				11E3C56A21703AB700D26E6F /* DateHelper.framework */,
				11A5EF11216CB719005E0494 /* Realm.framework */,
				11A5EF12216CB719005E0494 /* RealmSwift.framework */,
				11A5EEDF216CB3DC005E0494 /* ObjcExceptionBridging.framework */,
				11A5EEDB216CB3DB005E0494 /* RxBlocking.framework */,
				11A5EEDA216CB3DB005E0494 /* RxCocoa.framework */,
				11A5EED7216CB3DB005E0494 /* RxSwift.framework */,
				11A5EED9216CB3DB005E0494 /* SwiftyUserDefaults.framework */,
				11A5EEDD216CB3DC005E0494 /* XCGLogger.framework */,
			);
			name = Frameworks;
			sourceTree = "<group>";
		};
		11FFD9A5216AFE7400B498FD = {
			isa = PBXGroup;
			children = (
				11FFD9B0216AFE7500B498FD /* Wallet */,
				11FFD9AF216AFE7500B498FD /* Products */,
				11A5EF06216CB4A7005E0494 /* Frameworks */,
			);
			sourceTree = "<group>";
		};
		11FFD9AF216AFE7500B498FD /* Products */ = {
			isa = PBXGroup;
			children = (
				11FFD9AE216AFE7500B498FD /* Wallet.app */,
			);
			name = Products;
			sourceTree = "<group>";
		};
		11FFD9B0216AFE7500B498FD /* Wallet */ = {
			isa = PBXGroup;
			children = (
				11FFD9B1216AFE7500B498FD /* AppDelegate.swift */,
				1128E75B216CF11B0014FC72 /* Record.swift */,
				11E3C56E217089A700D26E6F /* MyRealm.swift */,
				11FFD9C3216B022300B498FD /* HomeViewController.swift */,
				1128E75F216CFF0B0014FC72 /* HomeRecordViewCell.swift */,
				1128E75D216CF5F40014FC72 /* CreateRecordViewController.swift */,
				11FFD9B5216AFE7500B498FD /* Main.storyboard */,
				11FFD9B8216AFE7600B498FD /* Assets.xcassets */,
				11FFD9BA216AFE7600B498FD /* LaunchScreen.storyboard */,
				11FFD9BD216AFE7600B498FD /* Info.plist */,
			);
			path = Wallet;
			sourceTree = "<group>";
		};
/* End PBXGroup section */

/* Begin PBXNativeTarget section */
		11FFD9AD216AFE7500B498FD /* Wallet */ = {
			isa = PBXNativeTarget;
			buildConfigurationList = 11FFD9C0216AFE7600B498FD /* Build configuration list for PBXNativeTarget "Wallet" */;
			buildPhases = (
				11FFD9AA216AFE7500B498FD /* Sources */,
				11FFD9AB216AFE7500B498FD /* Frameworks */,
				11FFD9AC216AFE7500B498FD /* Resources */,
				11A5EF10216CB4F3005E0494 /* ShellScript */,
				11E3C56D2170823400D26E6F /* ShellScript */,
			);
			buildRules = (
			);
			dependencies = (
			);
			name = Wallet;
			productName = Wallet;
			productReference = 11FFD9AE216AFE7500B498FD /* Wallet.app */;
			productType = "com.apple.product-type.application";
		};
/* End PBXNativeTarget section */

/* Begin PBXProject section */
		11FFD9A6216AFE7400B498FD /* Project object */ = {
			isa = PBXProject;
			attributes = {
				LastSwiftUpdateCheck = 0940;
				LastUpgradeCheck = 0940;
				ORGANIZATIONNAME = Nah;
				TargetAttributes = {
					11FFD9AD216AFE7500B498FD = {
						CreatedOnToolsVersion = 9.4.1;
						LastSwiftMigration = 1000;
					};
				};
			};
			buildConfigurationList = 11FFD9A9216AFE7400B498FD /* Build configuration list for PBXProject "Wallet" */;
			compatibilityVersion = "Xcode 9.3";
			developmentRegion = en;
			hasScannedForEncodings = 0;
			knownRegions = (
				en,
				Base,
			);
			mainGroup = 11FFD9A5216AFE7400B498FD;
			productRefGroup = 11FFD9AF216AFE7500B498FD /* Products */;
			projectDirPath = "";
			projectRoot = "";
			targets = (
				11FFD9AD216AFE7500B498FD /* Wallet */,
			);
		};
/* End PBXProject section */

/* Begin PBXResourcesBuildPhase section */
		11FFD9AC216AFE7500B498FD /* Resources */ = {
			isa = PBXResourcesBuildPhase;
			buildActionMask = 2147483647;
			files = (
				11FFD9BC216AFE7600B498FD /* LaunchScreen.storyboard in Resources */,
				11FFD9B9216AFE7600B498FD /* Assets.xcassets in Resources */,
				11FFD9B7216AFE7500B498FD /* Main.storyboard in Resources */,
			);
			runOnlyForDeploymentPostprocessing = 0;
		};
/* End PBXResourcesBuildPhase section */

/* Begin PBXShellScriptBuildPhase section */
		11A5EF10216CB4F3005E0494 /* ShellScript */ = {
			isa = PBXShellScriptBuildPhase;
			buildActionMask = 2147483647;
			files = (
			);
			inputFileListPaths = (
			);
			inputPaths = (
				"$(SRCROOT)/Carthage/Build/iOS/ObjcExceptionBridging.framework",
				"$(SRCROOT)/Carthage/Build/iOS/RxBlocking.framework",
				"$(SRCROOT)/Carthage/Build/iOS/RxCocoa.framework",
				"$(SRCROOT)/Carthage/Build/iOS/RxSwift.framework",
				"$(SRCROOT)/Carthage/Build/iOS/SwiftyUserDefaults.framework",
				"$(SRCROOT)/Carthage/Build/iOS/XCGLogger.framework",
				"$(SRCROOT)/Carthage/Build/iOS/Realm.framework",
				"$(SRCROOT)/Carthage/Build/iOS/RealmSwift.framework",
				"$(SRCROOT)/Carthage/Build/iOS/DateHelper.framework",
			);
			outputFileListPaths = (
			);
			outputPaths = (
				"$(BUILT_PRODUCTS_DIR)/$(FRAMEWORKS_FOLDER_PATH)/ObjcExceptionBridging.framework",
				"$(BUILT_PRODUCTS_DIR)/$(FRAMEWORKS_FOLDER_PATH)/RxBlocking.framework",
				"$(BUILT_PRODUCTS_DIR)/$(FRAMEWORKS_FOLDER_PATH)/RxCocoa.framework",
				"$(BUILT_PRODUCTS_DIR)/$(FRAMEWORKS_FOLDER_PATH)/RxSwift.framework",
				"$(BUILT_PRODUCTS_DIR)/$(FRAMEWORKS_FOLDER_PATH)/SwiftyUserDefaults.framework",
				"$(BUILT_PRODUCTS_DIR)/$(FRAMEWORKS_FOLDER_PATH)/XCGLogger.framework",
				"$(BUILT_PRODUCTS_DIR)/$(FRAMEWORKS_FOLDER_PATH)/Realm.framework",
				"$(BUILT_PRODUCTS_DIR)/$(FRAMEWORKS_FOLDER_PATH)/RealmSwift.framework",
				"$(BUILT_PRODUCTS_DIR)/$(FRAMEWORKS_FOLDER_PATH)/DateHelper.framework",
			);
			runOnlyForDeploymentPostprocessing = 0;
			shellPath = /bin/sh;
			shellScript = "/usr/local/bin/carthage copy-frameworks\n";
		};
		11E3C56D2170823400D26E6F /* ShellScript */ = {
			isa = PBXShellScriptBuildPhase;
			buildActionMask = 2147483647;
			files = (
			);
			inputFileListPaths = (
			);
			inputPaths = (
			);
			outputFileListPaths = (
			);
			outputPaths = (
			);
			runOnlyForDeploymentPostprocessing = 0;
			shellPath = /bin/sh;
			shellScript = "if which swiftlint >/dev/null; then\nswiftlint\nelse\necho \"warning: SwiftLint not installed, download from https://github.com/realm/SwiftLint\"\nfi\n";
		};
/* End PBXShellScriptBuildPhase section */

/* Begin PBXSourcesBuildPhase section */
		11FFD9AA216AFE7500B498FD /* Sources */ = {
			isa = PBXSourcesBuildPhase;
			buildActionMask = 2147483647;
			files = (
				11FFD9B2216AFE7500B498FD /* AppDelegate.swift in Sources */,
				1128E760216CFF0B0014FC72 /* HomeRecordViewCell.swift in Sources */,
				11FFD9C4216B022300B498FD /* HomeViewController.swift in Sources */,
				1128E75E216CF5F40014FC72 /* CreateRecordViewController.swift in Sources */,
				1128E75C216CF11B0014FC72 /* Record.swift in Sources */,
				11E3C56F217089A700D26E6F /* MyRealm.swift in Sources */,
			);
			runOnlyForDeploymentPostprocessing = 0;
		};
/* End PBXSourcesBuildPhase section */

/* Begin PBXVariantGroup section */
		11FFD9B5216AFE7500B498FD /* Main.storyboard */ = {
			isa = PBXVariantGroup;
			children = (
				11FFD9B6216AFE7500B498FD /* Base */,
			);
			name = Main.storyboard;
			sourceTree = "<group>";
		};
		11FFD9BA216AFE7600B498FD /* LaunchScreen.storyboard */ = {
			isa = PBXVariantGroup;
			children = (
				11FFD9BB216AFE7600B498FD /* Base */,
			);
			name = LaunchScreen.storyboard;
			sourceTree = "<group>";
		};
/* End PBXVariantGroup section */

/* Begin XCBuildConfiguration section */
		11FFD9BE216AFE7600B498FD /* Debug */ = {
			isa = XCBuildConfiguration;
			buildSettings = {
				ALWAYS_SEARCH_USER_PATHS = NO;
				CLANG_ANALYZER_NONNULL = YES;
				CLANG_ANALYZER_NUMBER_OBJECT_CONVERSION = YES_AGGRESSIVE;
				CLANG_CXX_LANGUAGE_STANDARD = "gnu++14";
				CLANG_CXX_LIBRARY = "libc++";
				CLANG_ENABLE_MODULES = YES;
				CLANG_ENABLE_OBJC_ARC = YES;
				CLANG_ENABLE_OBJC_WEAK = YES;
				CLANG_WARN_BLOCK_CAPTURE_AUTORELEASING = YES;
				CLANG_WARN_BOOL_CONVERSION = YES;
				CLANG_WARN_COMMA = YES;
				CLANG_WARN_CONSTANT_CONVERSION = YES;
				CLANG_WARN_DEPRECATED_OBJC_IMPLEMENTATIONS = YES;
				CLANG_WARN_DIRECT_OBJC_ISA_USAGE = YES_ERROR;
				CLANG_WARN_DOCUMENTATION_COMMENTS = YES;
				CLANG_WARN_EMPTY_BODY = YES;
				CLANG_WARN_ENUM_CONVERSION = YES;
				CLANG_WARN_INFINITE_RECURSION = YES;
				CLANG_WARN_INT_CONVERSION = YES;
				CLANG_WARN_NON_LITERAL_NULL_CONVERSION = YES;
				CLANG_WARN_OBJC_IMPLICIT_RETAIN_SELF = YES;
				CLANG_WARN_OBJC_LITERAL_CONVERSION = YES;
				CLANG_WARN_OBJC_ROOT_CLASS = YES_ERROR;
				CLANG_WARN_RANGE_LOOP_ANALYSIS = YES;
				CLANG_WARN_STRICT_PROTOTYPES = YES;
				CLANG_WARN_SUSPICIOUS_MOVE = YES;
				CLANG_WARN_UNGUARDED_AVAILABILITY = YES_AGGRESSIVE;
				CLANG_WARN_UNREACHABLE_CODE = YES;
				CLANG_WARN__DUPLICATE_METHOD_MATCH = YES;
				CODE_SIGN_IDENTITY = "iPhone Developer";
				COPY_PHASE_STRIP = NO;
				DEBUG_INFORMATION_FORMAT = dwarf;
				ENABLE_STRICT_OBJC_MSGSEND = YES;
				ENABLE_TESTABILITY = YES;
				GCC_C_LANGUAGE_STANDARD = gnu11;
				GCC_DYNAMIC_NO_PIC = NO;
				GCC_NO_COMMON_BLOCKS = YES;
				GCC_OPTIMIZATION_LEVEL = 0;
				GCC_PREPROCESSOR_DEFINITIONS = (
					"DEBUG=1",
					"$(inherited)",
				);
				GCC_WARN_64_TO_32_BIT_CONVERSION = YES;
				GCC_WARN_ABOUT_RETURN_TYPE = YES_ERROR;
				GCC_WARN_UNDECLARED_SELECTOR = YES;
				GCC_WARN_UNINITIALIZED_AUTOS = YES_AGGRESSIVE;
				GCC_WARN_UNUSED_FUNCTION = YES;
				GCC_WARN_UNUSED_VARIABLE = YES;
				IPHONEOS_DEPLOYMENT_TARGET = 11.4;
				MTL_ENABLE_DEBUG_INFO = YES;
				ONLY_ACTIVE_ARCH = YES;
				SDKROOT = iphoneos;
				SWIFT_ACTIVE_COMPILATION_CONDITIONS = DEBUG;
				SWIFT_OPTIMIZATION_LEVEL = "-Onone";
			};
			name = Debug;
		};
		11FFD9BF216AFE7600B498FD /* Release */ = {
			isa = XCBuildConfiguration;
			buildSettings = {
				ALWAYS_SEARCH_USER_PATHS = NO;
				CLANG_ANALYZER_NONNULL = YES;
				CLANG_ANALYZER_NUMBER_OBJECT_CONVERSION = YES_AGGRESSIVE;
				CLANG_CXX_LANGUAGE_STANDARD = "gnu++14";
				CLANG_CXX_LIBRARY = "libc++";
				CLANG_ENABLE_MODULES = YES;
				CLANG_ENABLE_OBJC_ARC = YES;
				CLANG_ENABLE_OBJC_WEAK = YES;
				CLANG_WARN_BLOCK_CAPTURE_AUTORELEASING = YES;
				CLANG_WARN_BOOL_CONVERSION = YES;
				CLANG_WARN_COMMA = YES;
				CLANG_WARN_CONSTANT_CONVERSION = YES;
				CLANG_WARN_DEPRECATED_OBJC_IMPLEMENTATIONS = YES;
				CLANG_WARN_DIRECT_OBJC_ISA_USAGE = YES_ERROR;
				CLANG_WARN_DOCUMENTATION_COMMENTS = YES;
				CLANG_WARN_EMPTY_BODY = YES;
				CLANG_WARN_ENUM_CONVERSION = YES;
				CLANG_WARN_INFINITE_RECURSION = YES;
				CLANG_WARN_INT_CONVERSION = YES;
				CLANG_WARN_NON_LITERAL_NULL_CONVERSION = YES;
				CLANG_WARN_OBJC_IMPLICIT_RETAIN_SELF = YES;
				CLANG_WARN_OBJC_LITERAL_CONVERSION = YES;
				CLANG_WARN_OBJC_ROOT_CLASS = YES_ERROR;
				CLANG_WARN_RANGE_LOOP_ANALYSIS = YES;
				CLANG_WARN_STRICT_PROTOTYPES = YES;
				CLANG_WARN_SUSPICIOUS_MOVE = YES;
				CLANG_WARN_UNGUARDED_AVAILABILITY = YES_AGGRESSIVE;
				CLANG_WARN_UNREACHABLE_CODE = YES;
				CLANG_WARN__DUPLICATE_METHOD_MATCH = YES;
				CODE_SIGN_IDENTITY = "iPhone Developer";
				COPY_PHASE_STRIP = NO;
				DEBUG_INFORMATION_FORMAT = "dwarf-with-dsym";
				ENABLE_NS_ASSERTIONS = NO;
				ENABLE_STRICT_OBJC_MSGSEND = YES;
				GCC_C_LANGUAGE_STANDARD = gnu11;
				GCC_NO_COMMON_BLOCKS = YES;
				GCC_WARN_64_TO_32_BIT_CONVERSION = YES;
				GCC_WARN_ABOUT_RETURN_TYPE = YES_ERROR;
				GCC_WARN_UNDECLARED_SELECTOR = YES;
				GCC_WARN_UNINITIALIZED_AUTOS = YES_AGGRESSIVE;
				GCC_WARN_UNUSED_FUNCTION = YES;
				GCC_WARN_UNUSED_VARIABLE = YES;
				IPHONEOS_DEPLOYMENT_TARGET = 11.4;
				MTL_ENABLE_DEBUG_INFO = NO;
				SDKROOT = iphoneos;
				SWIFT_COMPILATION_MODE = wholemodule;
				SWIFT_OPTIMIZATION_LEVEL = "-O";
				VALIDATE_PRODUCT = YES;
			};
			name = Release;
		};
		11FFD9C1216AFE7600B498FD /* Debug */ = {
			isa = XCBuildConfiguration;
			buildSettings = {
				ASSETCATALOG_COMPILER_APPICON_NAME = AppIcon;
				CODE_SIGN_STYLE = Automatic;
				DEVELOPMENT_TEAM = Z2HAJP9Q8N;
				FRAMEWORK_SEARCH_PATHS = (
					"$(inherited)",
					"$(PROJECT_DIR)/Carthage/Build/iOS",
				);
				INFOPLIST_FILE = Wallet/Info.plist;
				LD_RUNPATH_SEARCH_PATHS = (
					"$(inherited)",
					"@executable_path/Frameworks",
				);
				PRODUCT_BUNDLE_IDENTIFIER = com.nah.Wallet;
				PRODUCT_NAME = "$(TARGET_NAME)";
				SWIFT_VERSION = 4.2;
				TARGETED_DEVICE_FAMILY = "1,2";
			};
			name = Debug;
		};
		11FFD9C2216AFE7600B498FD /* Release */ = {
			isa = XCBuildConfiguration;
			buildSettings = {
				ASSETCATALOG_COMPILER_APPICON_NAME = AppIcon;
				CODE_SIGN_STYLE = Automatic;
				DEVELOPMENT_TEAM = Z2HAJP9Q8N;
				FRAMEWORK_SEARCH_PATHS = (
					"$(inherited)",
					"$(PROJECT_DIR)/Carthage/Build/iOS",
				);
				INFOPLIST_FILE = Wallet/Info.plist;
				LD_RUNPATH_SEARCH_PATHS = (
					"$(inherited)",
					"@executable_path/Frameworks",
				);
				PRODUCT_BUNDLE_IDENTIFIER = com.nah.Wallet;
				PRODUCT_NAME = "$(TARGET_NAME)";
				SWIFT_VERSION = 4.2;
				TARGETED_DEVICE_FAMILY = "1,2";
			};
			name = Release;
		};
/* End XCBuildConfiguration section */

/* Begin XCConfigurationList section */
		11FFD9A9216AFE7400B498FD /* Build configuration list for PBXProject "Wallet" */ = {
			isa = XCConfigurationList;
			buildConfigurations = (
				11FFD9BE216AFE7600B498FD /* Debug */,
				11FFD9BF216AFE7600B498FD /* Release */,
			);
			defaultConfigurationIsVisible = 0;
			defaultConfigurationName = Release;
		};
		11FFD9C0216AFE7600B498FD /* Build configuration list for PBXNativeTarget "Wallet" */ = {
			isa = XCConfigurationList;
			buildConfigurations = (
				11FFD9C1216AFE7600B498FD /* Debug */,
				11FFD9C2216AFE7600B498FD /* Release */,
			);
			defaultConfigurationIsVisible = 0;
			defaultConfigurationName = Release;
		};
/* End XCConfigurationList section */
	};
	rootObject = 11FFD9A6216AFE7400B498FD /* Project object */;
}
